
Microsoft Visual Studio Solution File, Format Version 12.00
# Visual Studio Version 17
VisualStudioVersion = 17.13.35825.156 d17.13
MinimumVisualStudioVersion = 10.0.40219.1
Project("{FAE04EC0-301F-11D3-BF4B-00C04F79EFBC}") = "newShapes", "newShapes\newShapes.csproj", "{612E92EA-B489-4D9F-9FDF-58DE87507087}"
EndProject
Global
	GlobalSection(SolutionConfigurationPlatforms) = preSolution
		Debug|Any CPU = Debug|Any CPU
		Release|Any CPU = Release|Any CPU
	EndGlobalSection
	GlobalSection(ProjectConfigurationPlatforms) = postSolution
		{612E92EA-B489-4D9F-9FDF-58DE87507087}.Debug|Any CPU.ActiveCfg = Debug|Any CPU
		{612E92EA-B489-4D9F-9FDF-58DE87507087}.Debug|Any CPU.Build.0 = Debug|Any CPU
		{612E92EA-B489-4D9F-9FDF-58DE87507087}.Release|Any CPU.ActiveCfg = Release|Any CPU
		{612E92EA-B489-4D9F-9FDF-58DE87507087}.Release|Any CPU.Build.0 = Release|Any CPU
	EndGlobalSection
	GlobalSection(SolutionProperties) = preSolution
		HideSolutionNode = FALSE
	EndGlobalSection
	GlobalSection(ExtensibilityGlobals) = postSolution
		SolutionGuid = {CBC10B85-697F-43BF-8518-CBA1745B58FD}
	EndGlobalSection
EndGlobal
