
Microsoft Visual Studio Solution File, Format Version 12.00
# Visual Studio Version 17
VisualStudioVersion = 17.13.35825.156 d17.13
MinimumVisualStudioVersion = 10.0.40219.1
Project("{FAE04EC0-301F-11D3-BF4B-00C04F79EFBC}") = "WebScraperDemo", "WebScraperDemo\WebScraperDemo.csproj", "{466C0DE4-CB9F-47DC-8936-CB2486C2046B}"
EndProject
Global
	GlobalSection(SolutionConfigurationPlatforms) = preSolution
		Debug|Any CPU = Debug|Any CPU
		Release|Any CPU = Release|Any CPU
	EndGlobalSection
	GlobalSection(ProjectConfigurationPlatforms) = postSolution
		{466C0DE4-CB9F-47DC-8936-CB2486C2046B}.Debug|Any CPU.ActiveCfg = Debug|Any CPU
		{466C0DE4-CB9F-47DC-8936-CB2486C2046B}.Debug|Any CPU.Build.0 = Debug|Any CPU
		{466C0DE4-CB9F-47DC-8936-CB2486C2046B}.Release|Any CPU.ActiveCfg = Release|Any CPU
		{466C0DE4-CB9F-47DC-8936-CB2486C2046B}.Release|Any CPU.Build.0 = Release|Any CPU
	EndGlobalSection
	GlobalSection(SolutionProperties) = preSolution
		HideSolutionNode = FALSE
	EndGlobalSection
	GlobalSection(ExtensibilityGlobals) = postSolution
		SolutionGuid = {7447F412-F005-45C8-9D6D-4BF469A65103}
	EndGlobalSection
EndGlobal
