
Microsoft Visual Studio Solution File, Format Version 12.00
# Visual Studio Version 17
VisualStudioVersion = 17.13.35825.156 d17.13
MinimumVisualStudioVersion = 10.0.40219.1
Project("{FAE04EC0-301F-11D3-BF4B-00C04F79EFBC}") = "WordMemoryApp", "WordMemoryApp\WordMemoryApp.csproj", "{CAA5C875-B493-4270-B591-87187DE6604D}"
EndProject
Global
	GlobalSection(SolutionConfigurationPlatforms) = preSolution
		Debug|Any CPU = Debug|Any CPU
		Release|Any CPU = Release|Any CPU
	EndGlobalSection
	GlobalSection(ProjectConfigurationPlatforms) = postSolution
		{CAA5C875-B493-4270-B591-87187DE6604D}.Debug|Any CPU.ActiveCfg = Debug|Any CPU
		{CAA5C875-B493-4270-B591-87187DE6604D}.Debug|Any CPU.Build.0 = Debug|Any CPU
		{CAA5C875-B493-4270-B591-87187DE6604D}.Release|Any CPU.ActiveCfg = Release|Any CPU
		{CAA5C875-B493-4270-B591-87187DE6604D}.Release|Any CPU.Build.0 = Release|Any CPU
	EndGlobalSection
	GlobalSection(SolutionProperties) = preSolution
		HideSolutionNode = FALSE
	EndGlobalSection
	GlobalSection(ExtensibilityGlobals) = postSolution
		SolutionGuid = {02197D22-BAB5-4DE2-8024-2BE6AA3663D5}
	EndGlobalSection
EndGlobal
