
Microsoft Visual Studio Solution File, Format Version 12.00
# Visual Studio Version 17
VisualStudioVersion = 17.13.35825.156 d17.13
MinimumVisualStudioVersion = 10.0.40219.1
Project("{FAE04EC0-301F-11D3-BF4B-00C04F79EFBC}") = "Caculator", "Caculator\Caculator.csproj", "{472C969E-DC07-4BEF-81F7-D2C86D61DA76}"
EndProject
Global
	GlobalSection(SolutionConfigurationPlatforms) = preSolution
		Debug|Any CPU = Debug|Any CPU
		Release|Any CPU = Release|Any CPU
	EndGlobalSection
	GlobalSection(ProjectConfigurationPlatforms) = postSolution
		{472C969E-DC07-4BEF-81F7-D2C86D61DA76}.Debug|Any CPU.ActiveCfg = Debug|Any CPU
		{472C969E-DC07-4BEF-81F7-D2C86D61DA76}.Debug|Any CPU.Build.0 = Debug|Any CPU
		{472C969E-DC07-4BEF-81F7-D2C86D61DA76}.Release|Any CPU.ActiveCfg = Release|Any CPU
		{472C969E-DC07-4BEF-81F7-D2C86D61DA76}.Release|Any CPU.Build.0 = Release|Any CPU
	EndGlobalSection
	GlobalSection(SolutionProperties) = preSolution
		HideSolutionNode = FALSE
	EndGlobalSection
	GlobalSection(ExtensibilityGlobals) = postSolution
		SolutionGuid = {476CA63E-0126-43CC-89E6-48B4FD7B2ABF}
	EndGlobalSection
EndGlobal
